{
  "name": "nodejssetup",
  "version": "1.0.0",
  "lockfileVersion": 3,
  "requires": true,
  "packages": {
    "": {
      "name": "nodejssetup",
      "version": "1.0.0",
      "license": "ISC",
      "dependencies": {
        "jokes": "^0.0.2"
      }
    },
    "node_modules/jokes": {
      "version": "0.0.2",
      "resolved": "https://registry.npmjs.org/jokes/-/jokes-0.0.2.tgz",
      "integrity": "sha512-1RzErbQ5Hg13GdEY1xe9mSSIiyusWuYIECItEU8qJy6//XEw04GFHenZTk19Z+BlK2lYKJMEFBx4SO4/bp1iSA=="
    }
  }
}
